
Microsoft Visual Studio Solution File, Format Version 12.00
# Visual Studio Version 16
VisualStudioVersion = 16.0.30907.101
MinimumVisualStudioVersion = 10.0.40219.1
Project("{FAE04EC0-301F-11D3-BF4B-00C04F79EFBC}") = "MyDictionary", "MyDictionary\MyDictionary.csproj", "{4A95031C-8EE5-4F54-81E2-B1B3EE5D4DEE}"
EndProject
Global
	GlobalSection(SolutionConfigurationPlatforms) = preSolution
		Debug|Any CPU = Debug|Any CPU
		Release|Any CPU = Release|Any CPU
	EndGlobalSection
	GlobalSection(ProjectConfigurationPlatforms) = postSolution
		{4A95031C-8EE5-4F54-81E2-B1B3EE5D4DEE}.Debug|Any CPU.ActiveCfg = Debug|Any CPU
		{4A95031C-8EE5-4F54-81E2-B1B3EE5D4DEE}.Debug|Any CPU.Build.0 = Debug|Any CPU
		{4A95031C-8EE5-4F54-81E2-B1B3EE5D4DEE}.Release|Any CPU.ActiveCfg = Release|Any CPU
		{4A95031C-8EE5-4F54-81E2-B1B3EE5D4DEE}.Release|Any CPU.Build.0 = Release|Any CPU
	EndGlobalSection
	GlobalSection(SolutionProperties) = preSolution
		HideSolutionNode = FALSE
	EndGlobalSection
	GlobalSection(ExtensibilityGlobals) = postSolution
		SolutionGuid = {84ED1821-86BA-4F8B-AF52-54254957E455}
	EndGlobalSection
EndGlobal
